
Microsoft Visual Studio Solution File, Format Version 12.00
# Visual Studio Version 16
VisualStudioVersion = 16.0.31205.134
MinimumVisualStudioVersion = 10.0.40219.1
Project("{9A19103F-16F7-4668-BE54-9A1E7A4F7556}") = "TaskHiring", "TaskHiring\TaskHiring.csproj", "{454F983F-7626-40CC-A608-98E03D27DF38}"
EndProject
Project("{FAE04EC0-301F-11D3-BF4B-00C04F79EFBC}") = "CurrencyConvertor.Testd", "CurrencyConvertor.Testd\CurrencyConvertor.Testd.csproj", "{F7F6F5E2-F4EC-4A91-9267-1D16E374205F}"
EndProject
Global
	GlobalSection(SolutionConfigurationPlatforms) = preSolution
		Debug|Any CPU = Debug|Any CPU
		Release|Any CPU = Release|Any CPU
	EndGlobalSection
	GlobalSection(ProjectConfigurationPlatforms) = postSolution
		{454F983F-7626-40CC-A608-98E03D27DF38}.Debug|Any CPU.ActiveCfg = Debug|Any CPU
		{454F983F-7626-40CC-A608-98E03D27DF38}.Debug|Any CPU.Build.0 = Debug|Any CPU
		{454F983F-7626-40CC-A608-98E03D27DF38}.Release|Any CPU.ActiveCfg = Release|Any CPU
		{454F983F-7626-40CC-A608-98E03D27DF38}.Release|Any CPU.Build.0 = Release|Any CPU
		{F7F6F5E2-F4EC-4A91-9267-1D16E374205F}.Debug|Any CPU.ActiveCfg = Debug|Any CPU
		{F7F6F5E2-F4EC-4A91-9267-1D16E374205F}.Debug|Any CPU.Build.0 = Debug|Any CPU
		{F7F6F5E2-F4EC-4A91-9267-1D16E374205F}.Release|Any CPU.ActiveCfg = Release|Any CPU
		{F7F6F5E2-F4EC-4A91-9267-1D16E374205F}.Release|Any CPU.Build.0 = Release|Any CPU
	EndGlobalSection
	GlobalSection(SolutionProperties) = preSolution
		HideSolutionNode = FALSE
	EndGlobalSection
	GlobalSection(ExtensibilityGlobals) = postSolution
		SolutionGuid = {B39E4660-E423-4859-A268-FB3DFD02CAC6}
	EndGlobalSection
EndGlobal
